
Microsoft Visual Studio Solution File, Format Version 12.00
# Visual Studio Version 16
VisualStudioVersion = 16.0.31005.135
MinimumVisualStudioVersion = 10.0.40219.1
Project("{FAE04EC0-301F-11D3-BF4B-00C04F79EFBC}") = "algo", "algo.csproj", "{1C593EDE-80B2-478E-9D0A-BEE10A293EDB}"
EndProject
Global
	GlobalSection(SolutionConfigurationPlatforms) = preSolution
		Debug|Any CPU = Debug|Any CPU
		Release|Any CPU = Release|Any CPU
	EndGlobalSection
	GlobalSection(ProjectConfigurationPlatforms) = postSolution
		{1C593EDE-80B2-478E-9D0A-BEE10A293EDB}.Debug|Any CPU.ActiveCfg = Debug|Any CPU
		{1C593EDE-80B2-478E-9D0A-BEE10A293EDB}.Debug|Any CPU.Build.0 = Debug|Any CPU
		{1C593EDE-80B2-478E-9D0A-BEE10A293EDB}.Release|Any CPU.ActiveCfg = Release|Any CPU
		{1C593EDE-80B2-478E-9D0A-BEE10A293EDB}.Release|Any CPU.Build.0 = Release|Any CPU
	EndGlobalSection
	GlobalSection(SolutionProperties) = preSolution
		HideSolutionNode = FALSE
	EndGlobalSection
	GlobalSection(ExtensibilityGlobals) = postSolution
		SolutionGuid = {6F4DD7B8-24A5-4FDC-BCD5-A4118FC78249}
	EndGlobalSection
EndGlobal
